PODS:
  - Nimble (5.1.1)
  - Offline (0.1.0)
  - Quick (1.0.0)

DEPENDENCIES:
  - Nimble (~> 5.1.1)
  - Offline (from `../`)
  - Quick (~> 1.0.0)

EXTERNAL SOURCES:
  Offline:
    :path: "../"

SPEC CHECKSUMS:
  Nimble: 415e3aa3267e7bc2c96b05fa814ddea7bb686a29
  Offline: 5c8ce7f36af3a47206226df84d38bf613872e670
  Quick: 8024e4a47e6cc03a9d5245ef0948264fc6d27cff

PODFILE CHECKSUM: 52abdfdce7d3491cac317ab05a96537a9978da6a

COCOAPODS: 1.2.1
